PODS:
  - AAPickerView (0.1.2)
  - ActionSheetPicker-3.0 (2.3.0)
  - AFNetworking (2.6.3):
    - AFNetworking/NSURLConnection (= 2.6.3)
    - AFNetworking/NSURLSession (= 2.6.3)
    - AFNetworking/Reachability (= 2.6.3)
    - AFNetworking/Security (= 2.6.3)
    - AFNetworking/Serialization (= 2.6.3)
    - AFNetworking/UIKit (= 2.6.3)
  - AFNetworking/NSURLConnection (2.6.3):
    - AFNetworking/Reachability
    - AFNetworking/Security
    - AFNetworking/Serialization
  - AFNetworking/NSURLSession (2.6.3):
    - AFNetworking/Reachability
    - AFNetworking/Security
    - AFNetworking/Serialization
  - AFNetworking/Reachability (2.6.3)
  - AFNetworking/Security (2.6.3)
  - AFNetworking/Serialization (2.6.3)
  - AFNetworking/UIKit (2.6.3):
    - AFNetworking/NSURLConnection
    - AFNetworking/NSURLSession
  - Alamofire (4.5.1)
  - BIObjCHelpers (0.4.1)
  - Bolts (1.8.4):
    - Bolts/AppLinks (= 1.8.4)
    - Bolts/Tasks (= 1.8.4)
  - Bolts/AppLinks (1.8.4):
    - Bolts/Tasks
  - Bolts/Tasks (1.8.4)
  - CocoaLumberjack/Default (3.3.0)
  - CocoaLumberjack/Swift (3.3.0):
    - CocoaLumberjack/Default
  - Crashlytics (3.9.3):
    - Fabric (~> 1.7.2)
  - Fabric (1.7.2)
  - FacebookCore (0.3.0):
    - Bolts (~> 1.8)
    - FBSDKCoreKit (~> 4.27)
  - FacebookLogin (0.3.0):
    - Bolts (~> 1.8)
    - FacebookCore (~> 0.3)
    - FBSDKCoreKit (~> 4.27)
    - FBSDKLoginKit (~> 4.27)
  - FacebookShare (0.3.0):
    - Bolts (~> 1.8)
    - FacebookCore (~> 0.3)
    - FBSDKCoreKit (~> 4.27)
    - FBSDKShareKit (~> 4.27)
  - FBSDKCoreKit (4.29.0):
    - Bolts (~> 1.7)
  - FBSDKLoginKit (4.29.0):
    - FBSDKCoreKit
  - FBSDKShareKit (4.29.0):
    - FBSDKCoreKit
  - FSCalendar (2.7.9)
  - GoogleSignIn (4.1.1):
    - GoogleToolboxForMac/NSDictionary+URLArguments (~> 2.1)
    - GoogleToolboxForMac/NSString+URLArguments (~> 2.1)
    - GTMOAuth2 (~> 1.0)
    - GTMSessionFetcher/Core (~> 1.1)
  - GoogleToolboxForMac/DebugUtils (2.1.3):
    - GoogleToolboxForMac/Defines (= 2.1.3)
  - GoogleToolboxForMac/Defines (2.1.3)
  - GoogleToolboxForMac/NSDictionary+URLArguments (2.1.3):
    - GoogleToolboxForMac/DebugUtils (= 2.1.3)
    - GoogleToolboxForMac/Defines (= 2.1.3)
    - GoogleToolboxForMac/NSString+URLArguments (= 2.1.3)
  - GoogleToolboxForMac/NSString+URLArguments (2.1.3)
  - GTMOAuth2 (1.1.6):
    - GTMSessionFetcher (~> 1.1)
  - GTMSessionFetcher (1.1.12):
    - GTMSessionFetcher/Full (= 1.1.12)
  - GTMSessionFetcher/Core (1.1.12)
  - GTMSessionFetcher/Full (1.1.12):
    - GTMSessionFetcher/Core (= 1.1.12)
  - HCSStarRatingView (1.5)
  - HMSegmentedControl (1.5.4)
  - IQKeyboardManagerSwift (5.0.6)
  - KGModal (0.0.1)
  - MBProgressHUD (1.0.0)
  - MGSwipeTableCell (1.6.6)
  - OnebyteSwiftNetworkCycle (0.2.0):
    - Alamofire (~> 4.0)
  - ReachabilitySwift (3)
  - SDWebImage (4.2.2):
    - SDWebImage/Core (= 4.2.2)
  - SDWebImage/Core (4.2.2)
  - SVPullToRefresh (0.4.1)
  - SwiftyJSON (4.0.0)
  - TPKeyboardAvoiding (1.3.2)

DEPENDENCIES:
  - AAPickerView
  - ActionSheetPicker-3.0
  - AFNetworking (~> 2.5)
  - Alamofire (~> 4.5)
  - BIObjCHelpers (~> 0.4)
  - CocoaLumberjack/Swift
  - Crashlytics
  - Fabric
  - FacebookCore
  - FacebookLogin
  - FacebookShare
  - FBSDKLoginKit
  - FSCalendar
  - GoogleSignIn
  - HCSStarRatingView (~> 1.5)
  - HMSegmentedControl
  - IQKeyboardManagerSwift
  - KGModal (~> 0.0.1)
  - MBProgressHUD (~> 1.0.0)
  - MGSwipeTableCell
  - OnebyteSwiftNetworkCycle (from `https://github.com/hammy-dev-world/OnebyteSwiftNetwork.git`)
  - ReachabilitySwift (~> 3)
  - SDWebImage (~> 4.0)
  - SVPullToRefresh
  - SwiftyJSON
  - TPKeyboardAvoiding

EXTERNAL SOURCES:
  OnebyteSwiftNetworkCycle:
    :git: https://github.com/hammy-dev-world/OnebyteSwiftNetwork.git

CHECKOUT OPTIONS:
  OnebyteSwiftNetworkCycle:
    :commit: 1fa3f4ec54aa6b49c6b5c8724696308aac3fa450
    :git: https://github.com/hammy-dev-world/OnebyteSwiftNetwork.git

SPEC CHECKSUMS:
  AAPickerView: 6a22bdff279b5e21ca51b4e6fe015599b20a81ad
  ActionSheetPicker-3.0: eef157d75e151f255c5333d26656c7fbfe905a51
  AFNetworking: cb8d14a848e831097108418f5d49217339d4eb60
  Alamofire: 2d95912bf4c34f164fdfc335872e8c312acaea4a
  BIObjCHelpers: 8d39b8276f698edc494d2e1ba096247f74b0746a
  Bolts: 8a7995239dbe724f9cba2248b766d48b7ebdd322
  CocoaLumberjack: 3c8c74683302f9012bb168e1c4b7ae3c0b558431
  Crashlytics: dbb07d01876c171c5ccbdf7826410380189e452c
  Fabric: 9cd6a848efcf1b8b07497e0b6a2e7d336353ba15
  FacebookCore: 3ffa190a3f1f96cec0e44d3fc221bc322c595ffa
  FacebookLogin: 0af839ea858faef99550d16596b87b4a8e8906e6
  FacebookShare: 0469964297ebd75f052be2c5083389a4208e82b7
  FBSDKCoreKit: 6f139173dc63a1deaff4430a55f2fe5bb222d2af
  FBSDKLoginKit: 56a057ca6822535ea0faa25f57a7c41edb697fd4
  FBSDKShareKit: 18a2cd118aef11dd657fe7e8b64bae5c719088b2
  FSCalendar: a04b09f16f811bc92e82f3cf852a15225233b9d5
  GoogleSignIn: 3fdaa34a2ba04dbd7a25d7db39aecb0da98d5bdc
  GoogleToolboxForMac: 2501e2ad72a52eb3dfe7bd9aee7dad11b858bd20
  GTMOAuth2: c77fe325e4acd453837e72d91e3b5f13116857b2
  GTMSessionFetcher: ebaa1f79a5366922c1735f1566901f50beba23b7
  HCSStarRatingView: 1d18f79654735514cd6f00e6d90e38cb6320dc31
  HMSegmentedControl: b25bc4ec44766e073d62c473188fb354ee244b76
  IQKeyboardManagerSwift: 02bfbb0dff71c66d0ab77d80d25dfce0c3717735
  KGModal: d2759dbd6d5e70e7a60bb0c3ddc7c0ece6040128
  MBProgressHUD: 4890f671c94e8a0f3cf959aa731e9de2f036d71a
  MGSwipeTableCell: c3bc6e261e7bc06c112909fe3fb8205de286082c
  OnebyteSwiftNetworkCycle: e881cabe499e3288a3189dff1e8e074539b7a77b
  ReachabilitySwift: f5b9bb30a0777fac8f09ce8b067e32faeb29bb64
  SDWebImage: 89a9d32cd520bbb46eb14e541d5109b3564af198
  SVPullToRefresh: ba2e718695a43253d8bea6852d2960097dc15d8c
  SwiftyJSON: 070dabdcb1beb81b247c65ffa3a79dbbfb3b48aa
  TPKeyboardAvoiding: cb69d5ddbe90ce0170e4bc2db1e5e41d4a3ad9a4

PODFILE CHECKSUM: 973d2dcd542acf6564d79b9e1a2b2c7821c9b65e

COCOAPODS: 1.3.1
